// !$*UTF8*$!
{
	archiveVersion = 1;
	classes = {
	};
	objectVersion = 55;
	objects = {

/* Begin PBXBuildFile section */
		3BAA5419274F258500703613 /* TestViewController.swift in Sources */ = {isa = PBXBuildFile; fileRef = 3BAA5418274F258500703613 /* TestViewController.swift */; };
		3BB0404227464537003D381F /* AppDelegate.swift in Sources */ = {isa = PBXBuildFile; fileRef = 3BB0404127464537003D381F /* AppDelegate.swift */; };
		3BB0404427464537003D381F /* SceneDelegate.swift in Sources */ = {isa = PBXBuildFile; fileRef = 3BB0404327464537003D381F /* SceneDelegate.swift */; };
		3BB0404627464537003D381F /* ViewController.swift in Sources */ = {isa = PBXBuildFile; fileRef = 3BB0404527464537003D381F /* ViewController.swift */; };
		3BB0404927464537003D381F /* Main.storyboard in Resources */ = {isa = PBXBuildFile; fileRef = 3BB0404727464537003D381F /* Main.storyboard */; };
		3BB0404B27464538003D381F /* Assets.xcassets in Resources */ = {isa = PBXBuildFile; fileRef = 3BB0404A27464538003D381F /* Assets.xcassets */; };
		3BB0404E27464538003D381F /* LaunchScreen.storyboard in Resources */ = {isa = PBXBuildFile; fileRef = 3BB0404C27464538003D381F /* LaunchScreen.storyboard */; };
		3BB0405927464539003D381F /* Hiro42Kadai13Tests.swift in Sources */ = {isa = PBXBuildFile; fileRef = 3BB0405827464539003D381F /* Hiro42Kadai13Tests.swift */; };
		3BB0406327464539003D381F /* Hiro42Kadai13UITests.swift in Sources */ = {isa = PBXBuildFile; fileRef = 3BB0406227464539003D381F /* Hiro42Kadai13UITests.swift */; };
		3BB0406527464539003D381F /* Hiro42Kadai13UITestsLaunchTests.swift in Sources */ = {isa = PBXBuildFile; fileRef = 3BB0406427464539003D381F /* Hiro42Kadai13UITestsLaunchTests.swift */; };
/* End PBXBuildFile section */

/* Begin PBXContainerItemProxy section */
		3BB0405527464539003D381F /* PBXContainerItemProxy */ = {
			isa = PBXContainerItemProxy;
			containerPortal = 3BB0403627464537003D381F /* Project object */;
			proxyType = 1;
			remoteGlobalIDString = 3BB0403D27464537003D381F;
			remoteInfo = Hiro42Kadai13;
		};
		3BB0405F27464539003D381F /* PBXContainerItemProxy */ = {
			isa = PBXContainerItemProxy;
			containerPortal = 3BB0403627464537003D381F /* Project object */;
			proxyType = 1;
			remoteGlobalIDString = 3BB0403D27464537003D381F;
			remoteInfo = Hiro42Kadai13;
		};
/* End PBXContainerItemProxy section */

/* Begin PBXFileReference section */
		3BAA5418274F258500703613 /* TestViewController.swift */ = {isa = PBXFileReference; lastKnownFileType = sourcecode.swift; path = TestViewController.swift; sourceTree = "<group>"; };
		3BB0403E27464537003D381F /* Hiro42Kadai13.app */ = {isa = PBXFileReference; explicitFileType = wrapper.application; includeInIndex = 0; path = Hiro42Kadai13.app; sourceTree = BUILT_PRODUCTS_DIR; };
		3BB0404127464537003D381F /* AppDelegate.swift */ = {isa = PBXFileReference; lastKnownFileType = sourcecode.swift; path = AppDelegate.swift; sourceTree = "<group>"; };
		3BB0404327464537003D381F /* SceneDelegate.swift */ = {isa = PBXFileReference; lastKnownFileType = sourcecode.swift; path = SceneDelegate.swift; sourceTree = "<group>"; };
		3BB0404527464537003D381F /* ViewController.swift */ = {isa = PBXFileReference; lastKnownFileType = sourcecode.swift; path = ViewController.swift; sourceTree = "<group>"; };
		3BB0404827464537003D381F /* Base */ = {isa = PBXFileReference; lastKnownFileType = file.storyboard; name = Base; path = Base.lproj/Main.storyboard; sourceTree = "<group>"; };
		3BB0404A27464538003D381F /* Assets.xcassets */ = {isa = PBXFileReference; lastKnownFileType = folder.assetcatalog; path = Assets.xcassets; sourceTree = "<group>"; };
		3BB0404D27464538003D381F /* Base */ = {isa = PBXFileReference; lastKnownFileType = file.storyboard; name = Base; path = Base.lproj/LaunchScreen.storyboard; sourceTree = "<group>"; };
		3BB0404F27464538003D381F /* Info.plist */ = {isa = PBXFileReference; lastKnownFileType = text.plist.xml; path = Info.plist; sourceTree = "<group>"; };
		3BB0405427464539003D381F /* Hiro42Kadai13Tests.xctest */ = {isa = PBXFileReference; explicitFileType = wrapper.cfbundle; includeInIndex = 0; path = Hiro42Kadai13Tests.xctest; sourceTree = BUILT_PRODUCTS_DIR; };
		3BB0405827464539003D381F /* Hiro42Kadai13Tests.swift */ = {isa = PBXFileReference; lastKnownFileType = sourcecode.swift; path = Hiro42Kadai13Tests.swift; sourceTree = "<group>"; };
		3BB0405E27464539003D381F /* Hiro42Kadai13UITests.xctest */ = {isa = PBXFileReference; explicitFileType = wrapper.cfbundle; includeInIndex = 0; path = Hiro42Kadai13UITests.xctest; sourceTree = BUILT_PRODUCTS_DIR; };
		3BB0406227464539003D381F /* Hiro42Kadai13UITests.swift */ = {isa = PBXFileReference; lastKnownFileType = sourcecode.swift; path = Hiro42Kadai13UITests.swift; sourceTree = "<group>"; };
		3BB0406427464539003D381F /* Hiro42Kadai13UITestsLaunchTests.swift */ = {isa = PBXFileReference; lastKnownFileType = sourcecode.swift; path = Hiro42Kadai13UITestsLaunchTests.swift; sourceTree = "<group>"; };
/* End PBXFileReference section */

/* Begin PBXFrameworksBuildPhase section */
		3BB0403B27464537003D381F /* Frameworks */ = {
			isa = PBXFrameworksBuildPhase;
			buildActionMask = 2147483647;
			files = (
			);
			runOnlyForDeploymentPostprocessing = 0;
		};
		3BB0405127464539003D381F /* Frameworks */ = {
			isa = PBXFrameworksBuildPhase;
			buildActionMask = 2147483647;
			files = (
			);
			runOnlyForDeploymentPostprocessing = 0;
		};
		3BB0405B27464539003D381F /* Frameworks */ = {
			isa = PBXFrameworksBuildPhase;
			buildActionMask = 2147483647;
			files = (
			);
			runOnlyForDeploymentPostprocessing = 0;
		};
/* End PBXFrameworksBuildPhase section */

/* Begin PBXGroup section */
		3BB0403527464537003D381F = {
			isa = PBXGroup;
			children = (
				3BB0404027464537003D381F /* Hiro42Kadai13 */,
				3BB0405727464539003D381F /* Hiro42Kadai13Tests */,
				3BB0406127464539003D381F /* Hiro42Kadai13UITests */,
				3BB0403F27464537003D381F /* Products */,
			);
			sourceTree = "<group>";
		};
		3BB0403F27464537003D381F /* Products */ = {
			isa = PBXGroup;
			children = (
				3BB0403E27464537003D381F /* Hiro42Kadai13.app */,
				3BB0405427464539003D381F /* Hiro42Kadai13Tests.xctest */,
				3BB0405E27464539003D381F /* Hiro42Kadai13UITests.xctest */,
			);
			name = Products;
			sourceTree = "<group>";
		};
		3BB0404027464537003D381F /* Hiro42Kadai13 */ = {
			isa = PBXGroup;
			children = (
				3BB0404127464537003D381F /* AppDelegate.swift */,
				3BB0404327464537003D381F /* SceneDelegate.swift */,
				3BB0404527464537003D381F /* ViewController.swift */,
				3BB0404727464537003D381F /* Main.storyboard */,
				3BB0404A27464538003D381F /* Assets.xcassets */,
				3BB0404C27464538003D381F /* LaunchScreen.storyboard */,
				3BB0404F27464538003D381F /* Info.plist */,
				3BAA5418274F258500703613 /* TestViewController.swift */,
			);
			path = Hiro42Kadai13;
			sourceTree = "<group>";
		};
		3BB0405727464539003D381F /* Hiro42Kadai13Tests */ = {
			isa = PBXGroup;
			children = (
				3BB0405827464539003D381F /* Hiro42Kadai13Tests.swift */,
			);
			path = Hiro42Kadai13Tests;
			sourceTree = "<group>";
		};
		3BB0406127464539003D381F /* Hiro42Kadai13UITests */ = {
			isa = PBXGroup;
			children = (
				3BB0406227464539003D381F /* Hiro42Kadai13UITests.swift */,
				3BB0406427464539003D381F /* Hiro42Kadai13UITestsLaunchTests.swift */,
			);
			path = Hiro42Kadai13UITests;
			sourceTree = "<group>";
		};
/* End PBXGroup section */

/* Begin PBXNativeTarget section */
		3BB0403D27464537003D381F /* Hiro42Kadai13 */ = {
			isa = PBXNativeTarget;
			buildConfigurationList = 3BB0406827464539003D381F /* Build configuration list for PBXNativeTarget "Hiro42Kadai13" */;
			buildPhases = (
				3BB0403A27464537003D381F /* Sources */,
				3BB0403B27464537003D381F /* Frameworks */,
				3BB0403C27464537003D381F /* Resources */,
				3B0BDB3D274B405F0019C713 /* ShellScript */,
			);
			buildRules = (
			);
			dependencies = (
			);
			name = Hiro42Kadai13;
			productName = Hiro42Kadai13;
			productReference = 3BB0403E27464537003D381F /* Hiro42Kadai13.app */;
			productType = "com.apple.product-type.application";
		};
		3BB0405327464539003D381F /* Hiro42Kadai13Tests */ = {
			isa = PBXNativeTarget;
			buildConfigurationList = 3BB0406B27464539003D381F /* Build configuration list for PBXNativeTarget "Hiro42Kadai13Tests" */;
			buildPhases = (
				3BB0405027464539003D381F /* Sources */,
				3BB0405127464539003D381F /* Frameworks */,
				3BB0405227464539003D381F /* Resources */,
			);
			buildRules = (
			);
			dependencies = (
				3BB0405627464539003D381F /* PBXTargetDependency */,
			);
			name = Hiro42Kadai13Tests;
			productName = Hiro42Kadai13Tests;
			productReference = 3BB0405427464539003D381F /* Hiro42Kadai13Tests.xctest */;
			productType = "com.apple.product-type.bundle.unit-test";
		};
		3BB0405D27464539003D381F /* Hiro42Kadai13UITests */ = {
			isa = PBXNativeTarget;
			buildConfigurationList = 3BB0406E27464539003D381F /* Build configuration list for PBXNativeTarget "Hiro42Kadai13UITests" */;
			buildPhases = (
				3BB0405A27464539003D381F /* Sources */,
				3BB0405B27464539003D381F /* Frameworks */,
				3BB0405C27464539003D381F /* Resources */,
			);
			buildRules = (
			);
			dependencies = (
				3BB0406027464539003D381F /* PBXTargetDependency */,
			);
			name = Hiro42Kadai13UITests;
			productName = Hiro42Kadai13UITests;
			productReference = 3BB0405E27464539003D381F /* Hiro42Kadai13UITests.xctest */;
			productType = "com.apple.product-type.bundle.ui-testing";
		};
/* End PBXNativeTarget section */

/* Begin PBXProject section */
		3BB0403627464537003D381F /* Project object */ = {
			isa = PBXProject;
			attributes = {
				BuildIndependentTargetsInParallel = 1;
				LastSwiftUpdateCheck = 1310;
				LastUpgradeCheck = 1310;
				TargetAttributes = {
					3BB0403D27464537003D381F = {
						CreatedOnToolsVersion = 13.1;
					};
					3BB0405327464539003D381F = {
						CreatedOnToolsVersion = 13.1;
						TestTargetID = 3BB0403D27464537003D381F;
					};
					3BB0405D27464539003D381F = {
						CreatedOnToolsVersion = 13.1;
						TestTargetID = 3BB0403D27464537003D381F;
					};
				};
			};
			buildConfigurationList = 3BB0403927464537003D381F /* Build configuration list for PBXProject "Hiro42Kadai13" */;
			compatibilityVersion = "Xcode 13.0";
			developmentRegion = en;
			hasScannedForEncodings = 0;
			knownRegions = (
				en,
				Base,
			);
			mainGroup = 3BB0403527464537003D381F;
			productRefGroup = 3BB0403F27464537003D381F /* Products */;
			projectDirPath = "";
			projectRoot = "";
			targets = (
				3BB0403D27464537003D381F /* Hiro42Kadai13 */,
				3BB0405327464539003D381F /* Hiro42Kadai13Tests */,
				3BB0405D27464539003D381F /* Hiro42Kadai13UITests */,
			);
		};
/* End PBXProject section */

/* Begin PBXResourcesBuildPhase section */
		3BB0403C27464537003D381F /* Resources */ = {
			isa = PBXResourcesBuildPhase;
			buildActionMask = 2147483647;
			files = (
				3BB0404E27464538003D381F /* LaunchScreen.storyboard in Resources */,
				3BB0404B27464538003D381F /* Assets.xcassets in Resources */,
				3BB0404927464537003D381F /* Main.storyboard in Resources */,
			);
			runOnlyForDeploymentPostprocessing = 0;
		};
		3BB0405227464539003D381F /* Resources */ = {
			isa = PBXResourcesBuildPhase;
			buildActionMask = 2147483647;
			files = (
			);
			runOnlyForDeploymentPostprocessing = 0;
		};
		3BB0405C27464539003D381F /* Resources */ = {
			isa = PBXResourcesBuildPhase;
			buildActionMask = 2147483647;
			files = (
			);
			runOnlyForDeploymentPostprocessing = 0;
		};
/* End PBXResourcesBuildPhase section */

/* Begin PBXShellScriptBuildPhase section */
		3B0BDB3D274B405F0019C713 /* ShellScript */ = {
			isa = PBXShellScriptBuildPhase;
			buildActionMask = 2147483647;
			files = (
			);
			inputFileListPaths = (
			);
			inputPaths = (
			);
			outputFileListPaths = (
			);
			outputPaths = (
			);
			runOnlyForDeploymentPostprocessing = 0;
			shellPath = /bin/sh;
			shellScript = "if which swiftlint >/dev/null; then\nswiftlint\nelse\n  echo \"SwiftLint does not exist, download from https://github.com/realm/SwiftLint\"\nfi\n";
		};
/* End PBXShellScriptBuildPhase section */

/* Begin PBXSourcesBuildPhase section */
		3BB0403A27464537003D381F /* Sources */ = {
			isa = PBXSourcesBuildPhase;
			buildActionMask = 2147483647;
			files = (
				3BB0404627464537003D381F /* ViewController.swift in Sources */,
				3BB0404227464537003D381F /* AppDelegate.swift in Sources */,
				3BAA5419274F258500703613 /* TestViewController.swift in Sources */,
				3BB0404427464537003D381F /* SceneDelegate.swift in Sources */,
			);
			runOnlyForDeploymentPostprocessing = 0;
		};
		3BB0405027464539003D381F /* Sources */ = {
			isa = PBXSourcesBuildPhase;
			buildActionMask = 2147483647;
			files = (
				3BB0405927464539003D381F /* Hiro42Kadai13Tests.swift in Sources */,
			);
			runOnlyForDeploymentPostprocessing = 0;
		};
		3BB0405A27464539003D381F /* Sources */ = {
			isa = PBXSourcesBuildPhase;
			buildActionMask = 2147483647;
			files = (
				3BB0406327464539003D381F /* Hiro42Kadai13UITests.swift in Sources */,
				3BB0406527464539003D381F /* Hiro42Kadai13UITestsLaunchTests.swift in Sources */,
			);
			runOnlyForDeploymentPostprocessing = 0;
		};
/* End PBXSourcesBuildPhase section */

/* Begin PBXTargetDependency section */
		3BB0405627464539003D381F /* PBXTargetDependency */ = {
			isa = PBXTargetDependency;
			target = 3BB0403D27464537003D381F /* Hiro42Kadai13 */;
			targetProxy = 3BB0405527464539003D381F /* PBXContainerItemProxy */;
		};
		3BB0406027464539003D381F /* PBXTargetDependency */ = {
			isa = PBXTargetDependency;
			target = 3BB0403D27464537003D381F /* Hiro42Kadai13 */;
			targetProxy = 3BB0405F27464539003D381F /* PBXContainerItemProxy */;
		};
/* End PBXTargetDependency section */

/* Begin PBXVariantGroup section */
		3BB0404727464537003D381F /* Main.storyboard */ = {
			isa = PBXVariantGroup;
			children = (
				3BB0404827464537003D381F /* Base */,
			);
			name = Main.storyboard;
			sourceTree = "<group>";
		};
		3BB0404C27464538003D381F /* LaunchScreen.storyboard */ = {
			isa = PBXVariantGroup;
			children = (
				3BB0404D27464538003D381F /* Base */,
			);
			name = LaunchScreen.storyboard;
			sourceTree = "<group>";
		};
/* End PBXVariantGroup section */

/* Begin XCBuildConfiguration section */
		3BB0406627464539003D381F /* Debug */ = {
			isa = XCBuildConfiguration;
			buildSettings = {
				ALWAYS_SEARCH_USER_PATHS = NO;
				CLANG_ANALYZER_NONNULL = YES;
				CLANG_ANALYZER_NUMBER_OBJECT_CONVERSION = YES_AGGRESSIVE;
				CLANG_CXX_LANGUAGE_STANDARD = "gnu++17";
				CLANG_CXX_LIBRARY = "libc++";
				CLANG_ENABLE_MODULES = YES;
				CLANG_ENABLE_OBJC_ARC = YES;
				CLANG_ENABLE_OBJC_WEAK = YES;
				CLANG_WARN_BLOCK_CAPTURE_AUTORELEASING = YES;
				CLANG_WARN_BOOL_CONVERSION = YES;
				CLANG_WARN_COMMA = YES;
				CLANG_WARN_CONSTANT_CONVERSION = YES;
				CLANG_WARN_DEPRECATED_OBJC_IMPLEMENTATIONS = YES;
				CLANG_WARN_DIRECT_OBJC_ISA_USAGE = YES_ERROR;
				CLANG_WARN_DOCUMENTATION_COMMENTS = YES;
				CLANG_WARN_EMPTY_BODY = YES;
				CLANG_WARN_ENUM_CONVERSION = YES;
				CLANG_WARN_INFINITE_RECURSION = YES;
				CLANG_WARN_INT_CONVERSION = YES;
				CLANG_WARN_NON_LITERAL_NULL_CONVERSION = YES;
				CLANG_WARN_OBJC_IMPLICIT_RETAIN_SELF = YES;
				CLANG_WARN_OBJC_LITERAL_CONVERSION = YES;
				CLANG_WARN_OBJC_ROOT_CLASS = YES_ERROR;
				CLANG_WARN_QUOTED_INCLUDE_IN_FRAMEWORK_HEADER = YES;
				CLANG_WARN_RANGE_LOOP_ANALYSIS = YES;
				CLANG_WARN_STRICT_PROTOTYPES = YES;
				CLANG_WARN_SUSPICIOUS_MOVE = YES;
				CLANG_WARN_UNGUARDED_AVAILABILITY = YES_AGGRESSIVE;
				CLANG_WARN_UNREACHABLE_CODE = YES;
				CLANG_WARN__DUPLICATE_METHOD_MATCH = YES;
				COPY_PHASE_STRIP = NO;
				DEBUG_INFORMATION_FORMAT = dwarf;
				ENABLE_STRICT_OBJC_MSGSEND = YES;
				ENABLE_TESTABILITY = YES;
				GCC_C_LANGUAGE_STANDARD = gnu11;
				GCC_DYNAMIC_NO_PIC = NO;
				GCC_NO_COMMON_BLOCKS = YES;
				GCC_OPTIMIZATION_LEVEL = 0;
				GCC_PREPROCESSOR_DEFINITIONS = (
					"DEBUG=1",
					"$(inherited)",
				);
				GCC_WARN_64_TO_32_BIT_CONVERSION = YES;
				GCC_WARN_ABOUT_RETURN_TYPE = YES_ERROR;
				GCC_WARN_UNDECLARED_SELECTOR = YES;
				GCC_WARN_UNINITIALIZED_AUTOS = YES_AGGRESSIVE;
				GCC_WARN_UNUSED_FUNCTION = YES;
				GCC_WARN_UNUSED_VARIABLE = YES;
				IPHONEOS_DEPLOYMENT_TARGET = 15.0;
				MTL_ENABLE_DEBUG_INFO = INCLUDE_SOURCE;
				MTL_FAST_MATH = YES;
				ONLY_ACTIVE_ARCH = YES;
				SDKROOT = iphoneos;
				SWIFT_ACTIVE_COMPILATION_CONDITIONS = DEBUG;
				SWIFT_OPTIMIZATION_LEVEL = "-Onone";
			};
			name = Debug;
		};
		3BB0406727464539003D381F /* Release */ = {
			isa = XCBuildConfiguration;
			buildSettings = {
				ALWAYS_SEARCH_USER_PATHS = NO;
				CLANG_ANALYZER_NONNULL = YES;
				CLANG_ANALYZER_NUMBER_OBJECT_CONVERSION = YES_AGGRESSIVE;
				CLANG_CXX_LANGUAGE_STANDARD = "gnu++17";
				CLANG_CXX_LIBRARY = "libc++";
				CLANG_ENABLE_MODULES = YES;
				CLANG_ENABLE_OBJC_ARC = YES;
				CLANG_ENABLE_OBJC_WEAK = YES;
				CLANG_WARN_BLOCK_CAPTURE_AUTORELEASING = YES;
				CLANG_WARN_BOOL_CONVERSION = YES;
				CLANG_WARN_COMMA = YES;
				CLANG_WARN_CONSTANT_CONVERSION = YES;
				CLANG_WARN_DEPRECATED_OBJC_IMPLEMENTATIONS = YES;
				CLANG_WARN_DIRECT_OBJC_ISA_USAGE = YES_ERROR;
				CLANG_WARN_DOCUMENTATION_COMMENTS = YES;
				CLANG_WARN_EMPTY_BODY = YES;
				CLANG_WARN_ENUM_CONVERSION = YES;
				CLANG_WARN_INFINITE_RECURSION = YES;
				CLANG_WARN_INT_CONVERSION = YES;
				CLANG_WARN_NON_LITERAL_NULL_CONVERSION = YES;
				CLANG_WARN_OBJC_IMPLICIT_RETAIN_SELF = YES;
				CLANG_WARN_OBJC_LITERAL_CONVERSION = YES;
				CLANG_WARN_OBJC_ROOT_CLASS = YES_ERROR;
				CLANG_WARN_QUOTED_INCLUDE_IN_FRAMEWORK_HEADER = YES;
				CLANG_WARN_RANGE_LOOP_ANALYSIS = YES;
				CLANG_WARN_STRICT_PROTOTYPES = YES;
				CLANG_WARN_SUSPICIOUS_MOVE = YES;
				CLANG_WARN_UNGUARDED_AVAILABILITY = YES_AGGRESSIVE;
				CLANG_WARN_UNREACHABLE_CODE = YES;
				CLANG_WARN__DUPLICATE_METHOD_MATCH = YES;
				COPY_PHASE_STRIP = NO;
				DEBUG_INFORMATION_FORMAT = "dwarf-with-dsym";
				ENABLE_NS_ASSERTIONS = NO;
				ENABLE_STRICT_OBJC_MSGSEND = YES;
				GCC_C_LANGUAGE_STANDARD = gnu11;
				GCC_NO_COMMON_BLOCKS = YES;
				GCC_WARN_64_TO_32_BIT_CONVERSION = YES;
				GCC_WARN_ABOUT_RETURN_TYPE = YES_ERROR;
				GCC_WARN_UNDECLARED_SELECTOR = YES;
				GCC_WARN_UNINITIALIZED_AUTOS = YES_AGGRESSIVE;
				GCC_WARN_UNUSED_FUNCTION = YES;
				GCC_WARN_UNUSED_VARIABLE = YES;
				IPHONEOS_DEPLOYMENT_TARGET = 15.0;
				MTL_ENABLE_DEBUG_INFO = NO;
				MTL_FAST_MATH = YES;
				SDKROOT = iphoneos;
				SWIFT_COMPILATION_MODE = wholemodule;
				SWIFT_OPTIMIZATION_LEVEL = "-O";
				VALIDATE_PRODUCT = YES;
			};
			name = Release;
		};
		3BB0406927464539003D381F /* Debug */ = {
			isa = XCBuildConfiguration;
			buildSettings = {
				ASSETCATALOG_COMPILER_APPICON_NAME = AppIcon;
				ASSETCATALOG_COMPILER_GLOBAL_ACCENT_COLOR_NAME = AccentColor;
				CODE_SIGN_STYLE = Automatic;
				CURRENT_PROJECT_VERSION = 1;
				DEVELOPMENT_TEAM = MP9J987NN4;
				GENERATE_INFOPLIST_FILE = YES;
				INFOPLIST_FILE = Hiro42Kadai13/Info.plist;
				INFOPLIST_KEY_UIApplicationSupportsIndirectInputEvents = YES;
				INFOPLIST_KEY_UILaunchStoryboardName = LaunchScreen;
				INFOPLIST_KEY_UIMainStoryboardFile = Main;
				INFOPLIST_KEY_UISupportedInterfaceOrientations_iPad = "UIInterfaceOrientationPortrait UIInterfaceOrientationPortraitUpsideDown UIInterfaceOrientationLandscapeLeft UIInterfaceOrientationLandscapeRight";
				INFOPLIST_KEY_UISupportedInterfaceOrientations_iPhone = "UIInterfaceOrientationPortrait UIInterfaceOrientationLandscapeLeft UIInterfaceOrientationLandscapeRight";
				LD_RUNPATH_SEARCH_PATHS = (
					"$(inherited)",
					"@executable_path/Frameworks",
				);
				MARKETING_VERSION = 1.0;
				PRODUCT_BUNDLE_IDENTIFIER = "shiraishi1990.h-com.gmail.Hiro42Kadai13";
				PRODUCT_NAME = "$(TARGET_NAME)";
				SWIFT_EMIT_LOC_STRINGS = YES;
				SWIFT_VERSION = 5.0;
				TARGETED_DEVICE_FAMILY = "1,2";
			};
			name = Debug;
		};
		3BB0406A27464539003D381F /* Release */ = {
			isa = XCBuildConfiguration;
			buildSettings = {
				ASSETCATALOG_COMPILER_APPICON_NAME = AppIcon;
				ASSETCATALOG_COMPILER_GLOBAL_ACCENT_COLOR_NAME = AccentColor;
				CODE_SIGN_STYLE = Automatic;
				CURRENT_PROJECT_VERSION = 1;
				DEVELOPMENT_TEAM = MP9J987NN4;
				GENERATE_INFOPLIST_FILE = YES;
				INFOPLIST_FILE = Hiro42Kadai13/Info.plist;
				INFOPLIST_KEY_UIApplicationSupportsIndirectInputEvents = YES;
				INFOPLIST_KEY_UILaunchStoryboardName = LaunchScreen;
				INFOPLIST_KEY_UIMainStoryboardFile = Main;
				INFOPLIST_KEY_UISupportedInterfaceOrientations_iPad = "UIInterfaceOrientationPortrait UIInterfaceOrientationPortraitUpsideDown UIInterfaceOrientationLandscapeLeft UIInterfaceOrientationLandscapeRight";
				INFOPLIST_KEY_UISupportedInterfaceOrientations_iPhone = "UIInterfaceOrientationPortrait UIInterfaceOrientationLandscapeLeft UIInterfaceOrientationLandscapeRight";
				LD_RUNPATH_SEARCH_PATHS = (
					"$(inherited)",
					"@executable_path/Frameworks",
				);
				MARKETING_VERSION = 1.0;
				PRODUCT_BUNDLE_IDENTIFIER = "shiraishi1990.h-com.gmail.Hiro42Kadai13";
				PRODUCT_NAME = "$(TARGET_NAME)";
				SWIFT_EMIT_LOC_STRINGS = YES;
				SWIFT_VERSION = 5.0;
				TARGETED_DEVICE_FAMILY = "1,2";
			};
			name = Release;
		};
		3BB0406C27464539003D381F /* Debug */ = {
			isa = XCBuildConfiguration;
			buildSettings = {
				ALWAYS_EMBED_SWIFT_STANDARD_LIBRARIES = YES;
				BUNDLE_LOADER = "$(TEST_HOST)";
				CODE_SIGN_STYLE = Automatic;
				CURRENT_PROJECT_VERSION = 1;
				DEVELOPMENT_TEAM = MP9J987NN4;
				GENERATE_INFOPLIST_FILE = YES;
				IPHONEOS_DEPLOYMENT_TARGET = 15.0;
				LD_RUNPATH_SEARCH_PATHS = (
					"$(inherited)",
					"@executable_path/Frameworks",
					"@loader_path/Frameworks",
				);
				MARKETING_VERSION = 1.0;
				PRODUCT_BUNDLE_IDENTIFIER = "shiraishi1990.h-com.gmail.Hiro42Kadai13Tests";
				PRODUCT_NAME = "$(TARGET_NAME)";
				SWIFT_EMIT_LOC_STRINGS = NO;
				SWIFT_VERSION = 5.0;
				TARGETED_DEVICE_FAMILY = "1,2";
				TEST_HOST = "$(BUILT_PRODUCTS_DIR)/Hiro42Kadai13.app/Hiro42Kadai13";
			};
			name = Debug;
		};
		3BB0406D27464539003D381F /* Release */ = {
			isa = XCBuildConfiguration;
			buildSettings = {
				ALWAYS_EMBED_SWIFT_STANDARD_LIBRARIES = YES;
				BUNDLE_LOADER = "$(TEST_HOST)";
				CODE_SIGN_STYLE = Automatic;
				CURRENT_PROJECT_VERSION = 1;
				DEVELOPMENT_TEAM = MP9J987NN4;
				GENERATE_INFOPLIST_FILE = YES;
				IPHONEOS_DEPLOYMENT_TARGET = 15.0;
				LD_RUNPATH_SEARCH_PATHS = (
					"$(inherited)",
					"@executable_path/Frameworks",
					"@loader_path/Frameworks",
				);
				MARKETING_VERSION = 1.0;
				PRODUCT_BUNDLE_IDENTIFIER = "shiraishi1990.h-com.gmail.Hiro42Kadai13Tests";
				PRODUCT_NAME = "$(TARGET_NAME)";
				SWIFT_EMIT_LOC_STRINGS = NO;
				SWIFT_VERSION = 5.0;
				TARGETED_DEVICE_FAMILY = "1,2";
				TEST_HOST = "$(BUILT_PRODUCTS_DIR)/Hiro42Kadai13.app/Hiro42Kadai13";
			};
			name = Release;
		};
		3BB0406F27464539003D381F /* Debug */ = {
			isa = XCBuildConfiguration;
			buildSettings = {
				ALWAYS_EMBED_SWIFT_STANDARD_LIBRARIES = YES;
				CODE_SIGN_STYLE = Automatic;
				CURRENT_PROJECT_VERSION = 1;
				DEVELOPMENT_TEAM = MP9J987NN4;
				GENERATE_INFOPLIST_FILE = YES;
				LD_RUNPATH_SEARCH_PATHS = (
					"$(inherited)",
					"@executable_path/Frameworks",
					"@loader_path/Frameworks",
				);
				MARKETING_VERSION = 1.0;
				PRODUCT_BUNDLE_IDENTIFIER = "shiraishi1990.h-com.gmail.Hiro42Kadai13UITests";
				PRODUCT_NAME = "$(TARGET_NAME)";
				SWIFT_EMIT_LOC_STRINGS = NO;
				SWIFT_VERSION = 5.0;
				TARGETED_DEVICE_FAMILY = "1,2";
				TEST_TARGET_NAME = Hiro42Kadai13;
			};
			name = Debug;
		};
		3BB0407027464539003D381F /* Release */ = {
			isa = XCBuildConfiguration;
			buildSettings = {
				ALWAYS_EMBED_SWIFT_STANDARD_LIBRARIES = YES;
				CODE_SIGN_STYLE = Automatic;
				CURRENT_PROJECT_VERSION = 1;
				DEVELOPMENT_TEAM = MP9J987NN4;
				GENERATE_INFOPLIST_FILE = YES;
				LD_RUNPATH_SEARCH_PATHS = (
					"$(inherited)",
					"@executable_path/Frameworks",
					"@loader_path/Frameworks",
				);
				MARKETING_VERSION = 1.0;
				PRODUCT_BUNDLE_IDENTIFIER = "shiraishi1990.h-com.gmail.Hiro42Kadai13UITests";
				PRODUCT_NAME = "$(TARGET_NAME)";
				SWIFT_EMIT_LOC_STRINGS = NO;
				SWIFT_VERSION = 5.0;
				TARGETED_DEVICE_FAMILY = "1,2";
				TEST_TARGET_NAME = Hiro42Kadai13;
			};
			name = Release;
		};
/* End XCBuildConfiguration section */

/* Begin XCConfigurationList section */
		3BB0403927464537003D381F /* Build configuration list for PBXProject "Hiro42Kadai13" */ = {
			isa = XCConfigurationList;
			buildConfigurations = (
				3BB0406627464539003D381F /* Debug */,
				3BB0406727464539003D381F /* Release */,
			);
			defaultConfigurationIsVisible = 0;
			defaultConfigurationName = Release;
		};
		3BB0406827464539003D381F /* Build configuration list for PBXNativeTarget "Hiro42Kadai13" */ = {
			isa = XCConfigurationList;
			buildConfigurations = (
				3BB0406927464539003D381F /* Debug */,
				3BB0406A27464539003D381F /* Release */,
			);
			defaultConfigurationIsVisible = 0;
			defaultConfigurationName = Release;
		};
		3BB0406B27464539003D381F /* Build configuration list for PBXNativeTarget "Hiro42Kadai13Tests" */ = {
			isa = XCConfigurationList;
			buildConfigurations = (
				3BB0406C27464539003D381F /* Debug */,
				3BB0406D27464539003D381F /* Release */,
			);
			defaultConfigurationIsVisible = 0;
			defaultConfigurationName = Release;
		};
		3BB0406E27464539003D381F /* Build configuration list for PBXNativeTarget "Hiro42Kadai13UITests" */ = {
			isa = XCConfigurationList;
			buildConfigurations = (
				3BB0406F27464539003D381F /* Debug */,
				3BB0407027464539003D381F /* Release */,
			);
			defaultConfigurationIsVisible = 0;
			defaultConfigurationName = Release;
		};
/* End XCConfigurationList section */
	};
	rootObject = 3BB0403627464537003D381F /* Project object */;
}
